// !$*UTF8*$!
{
	archiveVersion = 1;
	classes = {
	};
	objectVersion = 46;
	objects = {

/* Begin PBXBuildFile section */
		30A8B3DE1CD8B5D80042B95D /* RNSegment.h in CopyFiles */ = {isa = PBXBuildFile; fileRef = 30A8B3DD1CD8B5D80042B95D /* RNSegment.h */; };
		30A8B3E01CD8B5D80042B95D /* RNSegment.m in Sources */ = {isa = PBXBuildFile; fileRef = 30A8B3DF1CD8B5D80042B95D /* RNSegment.m */; };
/* End PBXBuildFile section */

/* Begin PBXCopyFilesBuildPhase section */
		30A8B3D81CD8B5D80042B95D /* CopyFiles */ = {
			isa = PBXCopyFilesBuildPhase;
			buildActionMask = 2147483647;
			dstPath = "include/$(PRODUCT_NAME)";
			dstSubfolderSpec = 16;
			files = (
				30A8B3DE1CD8B5D80042B95D /* RNSegment.h in CopyFiles */,
			);
			runOnlyForDeploymentPostprocessing = 0;
		};
/* End PBXCopyFilesBuildPhase section */

/* Begin PBXFileReference section */
		30A8B3DA1CD8B5D80042B95D /* libRNSegment.a */ = {isa = PBXFileReference; explicitFileType = archive.ar; includeInIndex = 0; path = libRNSegment.a; sourceTree = BUILT_PRODUCTS_DIR; };
		30A8B3DD1CD8B5D80042B95D /* RNSegment.h */ = {isa = PBXFileReference; lastKnownFileType = sourcecode.c.h; path = RNSegment.h; sourceTree = "<group>"; };
		30A8B3DF1CD8B5D80042B95D /* RNSegment.m */ = {isa = PBXFileReference; lastKnownFileType = sourcecode.c.objc; path = RNSegment.m; sourceTree = "<group>"; };
/* End PBXFileReference section */

/* Begin PBXFrameworksBuildPhase section */
		30A8B3D71CD8B5D80042B95D /* Frameworks */ = {
			isa = PBXFrameworksBuildPhase;
			buildActionMask = 2147483647;
			files = (
			);
			runOnlyForDeploymentPostprocessing = 0;
		};
/* End PBXFrameworksBuildPhase section */

/* Begin PBXGroup section */
		30A8B3D11CD8B5D80042B95D = {
			isa = PBXGroup;
			children = (
				30A8B3DC1CD8B5D80042B95D /* RNSegment */,
				30A8B3DB1CD8B5D80042B95D /* Products */,
			);
			sourceTree = "<group>";
		};
		30A8B3DB1CD8B5D80042B95D /* Products */ = {
			isa = PBXGroup;
			children = (
				30A8B3DA1CD8B5D80042B95D /* libRNSegment.a */,
			);
			name = Products;
			sourceTree = "<group>";
		};
		30A8B3DC1CD8B5D80042B95D /* RNSegment */ = {
			isa = PBXGroup;
			children = (
				30A8B3DD1CD8B5D80042B95D /* RNSegment.h */,
				30A8B3DF1CD8B5D80042B95D /* RNSegment.m */,
			);
			path = RNSegment;
			sourceTree = "<group>";
		};
/* End PBXGroup section */

/* Begin PBXNativeTarget section */
		30A8B3D91CD8B5D80042B95D /* RNSegment */ = {
			isa = PBXNativeTarget;
			buildConfigurationList = 30A8B3E31CD8B5D80042B95D /* Build configuration list for PBXNativeTarget "RNSegment" */;
			buildPhases = (
				30A8B3D61CD8B5D80042B95D /* Sources */,
				30A8B3D71CD8B5D80042B95D /* Frameworks */,
				30A8B3D81CD8B5D80042B95D /* CopyFiles */,
			);
			buildRules = (
			);
			dependencies = (
			);
			name = RNSegment;
			productName = RNSegment;
			productReference = 30A8B3DA1CD8B5D80042B95D /* libRNSegment.a */;
			productType = "com.apple.product-type.library.static";
		};
/* End PBXNativeTarget section */

/* Begin PBXProject section */
		30A8B3D21CD8B5D80042B95D /* Project object */ = {
			isa = PBXProject;
			attributes = {
				LastUpgradeCheck = 0730;
				ORGANIZATIONNAME = Radishmedia;
				TargetAttributes = {
					30A8B3D91CD8B5D80042B95D = {
						CreatedOnToolsVersion = 7.3;
					};
				};
			};
			buildConfigurationList = 30A8B3D51CD8B5D80042B95D /* Build configuration list for PBXProject "RNSegment" */;
			compatibilityVersion = "Xcode 3.2";
			developmentRegion = English;
			hasScannedForEncodings = 0;
			knownRegions = (
				en,
			);
			mainGroup = 30A8B3D11CD8B5D80042B95D;
			productRefGroup = 30A8B3DB1CD8B5D80042B95D /* Products */;
			projectDirPath = "";
			projectRoot = "";
			targets = (
				30A8B3D91CD8B5D80042B95D /* RNSegment */,
			);
		};
/* End PBXProject section */

/* Begin PBXSourcesBuildPhase section */
		30A8B3D61CD8B5D80042B95D /* Sources */ = {
			isa = PBXSourcesBuildPhase;
			buildActionMask = 2147483647;
			files = (
				30A8B3E01CD8B5D80042B95D /* RNSegment.m in Sources */,
			);
			runOnlyForDeploymentPostprocessing = 0;
		};
/* End PBXSourcesBuildPhase section */

/* Begin XCBuildConfiguration section */
		30A8B3E11CD8B5D80042B95D /* Debug */ = {
			isa = XCBuildConfiguration;
			buildSettings = {
				ALWAYS_SEARCH_USER_PATHS = NO;
				CLANG_ANALYZER_NONNULL = YES;
				CLANG_CXX_LANGUAGE_STANDARD = "gnu++0x";
				CLANG_CXX_LIBRARY = "libc++";
				CLANG_ENABLE_MODULES = YES;
				CLANG_ENABLE_OBJC_ARC = YES;
				CLANG_WARN_BOOL_CONVERSION = YES;
				CLANG_WARN_CONSTANT_CONVERSION = YES;
				CLANG_WARN_DIRECT_OBJC_ISA_USAGE = YES_ERROR;
				CLANG_WARN_EMPTY_BODY = YES;
				CLANG_WARN_ENUM_CONVERSION = YES;
				CLANG_WARN_INT_CONVERSION = YES;
				CLANG_WARN_OBJC_ROOT_CLASS = YES_ERROR;
				CLANG_WARN_UNREACHABLE_CODE = YES;
				CLANG_WARN__DUPLICATE_METHOD_MATCH = YES;
				"CODE_SIGN_IDENTITY[sdk=iphoneos*]" = "iPhone Developer";
				COPY_PHASE_STRIP = NO;
				DEBUG_INFORMATION_FORMAT = dwarf;
				ENABLE_STRICT_OBJC_MSGSEND = YES;
				ENABLE_TESTABILITY = YES;
				GCC_C_LANGUAGE_STANDARD = gnu99;
				GCC_DYNAMIC_NO_PIC = NO;
				GCC_NO_COMMON_BLOCKS = YES;
				GCC_OPTIMIZATION_LEVEL = 0;
				GCC_PREPROCESSOR_DEFINITIONS = (
					"DEBUG=1",
					"$(inherited)",
				);
				GCC_WARN_64_TO_32_BIT_CONVERSION = YES;
				GCC_WARN_ABOUT_RETURN_TYPE = YES_ERROR;
				GCC_WARN_UNDECLARED_SELECTOR = YES;
				GCC_WARN_UNINITIALIZED_AUTOS = YES_AGGRESSIVE;
				GCC_WARN_UNUSED_FUNCTION = YES;
				GCC_WARN_UNUSED_VARIABLE = YES;
				IPHONEOS_DEPLOYMENT_TARGET = 9.3;
				MTL_ENABLE_DEBUG_INFO = YES;
				ONLY_ACTIVE_ARCH = YES;
				SDKROOT = iphoneos;
			};
			name = Debug;
		};
		30A8B3E21CD8B5D80042B95D /* Release */ = {
			isa = XCBuildConfiguration;
			buildSettings = {
				ALWAYS_SEARCH_USER_PATHS = NO;
				CLANG_ANALYZER_NONNULL = YES;
				CLANG_CXX_LANGUAGE_STANDARD = "gnu++0x";
				CLANG_CXX_LIBRARY = "libc++";
				CLANG_ENABLE_MODULES = YES;
				CLANG_ENABLE_OBJC_ARC = YES;
				CLANG_WARN_BOOL_CONVERSION = YES;
				CLANG_WARN_CONSTANT_CONVERSION = YES;
				CLANG_WARN_DIRECT_OBJC_ISA_USAGE = YES_ERROR;
				CLANG_WARN_EMPTY_BODY = YES;
				CLANG_WARN_ENUM_CONVERSION = YES;
				CLANG_WARN_INT_CONVERSION = YES;
				CLANG_WARN_OBJC_ROOT_CLASS = YES_ERROR;
				CLANG_WARN_UNREACHABLE_CODE = YES;
				CLANG_WARN__DUPLICATE_METHOD_MATCH = YES;
				"CODE_SIGN_IDENTITY[sdk=iphoneos*]" = "iPhone Developer";
				COPY_PHASE_STRIP = NO;
				DEBUG_INFORMATION_FORMAT = "dwarf-with-dsym";
				ENABLE_NS_ASSERTIONS = NO;
				ENABLE_STRICT_OBJC_MSGSEND = YES;
				GCC_C_LANGUAGE_STANDARD = gnu99;
				GCC_NO_COMMON_BLOCKS = YES;
				GCC_WARN_64_TO_32_BIT_CONVERSION = YES;
				GCC_WARN_ABOUT_RETURN_TYPE = YES_ERROR;
				GCC_WARN_UNDECLARED_SELECTOR = YES;
				GCC_WARN_UNINITIALIZED_AUTOS = YES_AGGRESSIVE;
				GCC_WARN_UNUSED_FUNCTION = YES;
				GCC_WARN_UNUSED_VARIABLE = YES;
				IPHONEOS_DEPLOYMENT_TARGET = 9.3;
				MTL_ENABLE_DEBUG_INFO = NO;
				SDKROOT = iphoneos;
				VALIDATE_PRODUCT = YES;
			};
			name = Release;
		};
		30A8B3E41CD8B5D80042B95D /* Debug */ = {
			isa = XCBuildConfiguration;
			buildSettings = {
				HEADER_SEARCH_PATHS = (
					"$(SRCROOT)/../../React/**",
					"$(inherited)",
					"$(SRCROOT)/node_modules/react-native/React/**",
					"$(SRCROOT)/../react-native/React/**",
					"$(SRCROOT)/../../../node_modules/react-native/React/**",
				);
				IPHONEOS_DEPLOYMENT_TARGET = 8.0;
				OTHER_LDFLAGS = "-ObjC";
				PRODUCT_NAME = "$(TARGET_NAME)";
				SKIP_INSTALL = YES;
			};
			name = Debug;
		};
		30A8B3E51CD8B5D80042B95D /* Release */ = {
			isa = XCBuildConfiguration;
			buildSettings = {
				HEADER_SEARCH_PATHS = (
					"$(SRCROOT)/../../React/**",
					"$(inherited)",
					"$(SRCROOT)/node_modules/react-native/React/**",
					"$(SRCROOT)/../react-native/React/**",
					"$(SRCROOT)/../../../node_modules/react-native/React/**",
				);
				IPHONEOS_DEPLOYMENT_TARGET = 8.0;
				OTHER_LDFLAGS = "-ObjC";
				PRODUCT_NAME = "$(TARGET_NAME)";
				SKIP_INSTALL = YES;
			};
			name = Release;
		};
/* End XCBuildConfiguration section */

/* Begin XCConfigurationList section */
		30A8B3D51CD8B5D80042B95D /* Build configuration list for PBXProject "RNSegment" */ = {
			isa = XCConfigurationList;
			buildConfigurations = (
				30A8B3E11CD8B5D80042B95D /* Debug */,
				30A8B3E21CD8B5D80042B95D /* Release */,
			);
			defaultConfigurationIsVisible = 0;
			defaultConfigurationName = Release;
		};
		30A8B3E31CD8B5D80042B95D /* Build configuration list for PBXNativeTarget "RNSegment" */ = {
			isa = XCConfigurationList;
			buildConfigurations = (
				30A8B3E41CD8B5D80042B95D /* Debug */,
				30A8B3E51CD8B5D80042B95D /* Release */,
			);
			defaultConfigurationIsVisible = 0;
			defaultConfigurationName = Release;
		};
/* End XCConfigurationList section */
	};
	rootObject = 30A8B3D21CD8B5D80042B95D /* Project object */;
}
